
Microsoft Visual Studio Solution File, Format Version 12.00
# Visual Studio Version 16
VisualStudioVersion = 16.0.30607.51
MinimumVisualStudioVersion = 10.0.40219.1
Project("{FAE04EC0-301F-11D3-BF4B-00C04F79EFBC}") = "ProjetoMaster.Android", "ProjetoMaster\ProjetoMaster.Android\ProjetoMaster.Android.csproj", "{4177D5C5-D125-4C3A-A074-8F20AD0A9899}"
EndProject
Project("{FAE04EC0-301F-11D3-BF4B-00C04F79EFBC}") = "ProjetoMaster", "ProjetoMaster\ProjetoMaster\ProjetoMaster.csproj", "{D4C19382-DC75-4C77-9F7B-1D3A63926E6A}"
EndProject
Global
	GlobalSection(SolutionConfigurationPlatforms) = preSolution
		Debug|Any CPU = Debug|Any CPU
		Release|Any CPU = Release|Any CPU
	EndGlobalSection
	GlobalSection(ProjectConfigurationPlatforms) = postSolution
		{4177D5C5-D125-4C3A-A074-8F20AD0A9899}.Debug|Any CPU.ActiveCfg = Debug|Any CPU
		{4177D5C5-D125-4C3A-A074-8F20AD0A9899}.Debug|Any CPU.Build.0 = Debug|Any CPU
		{4177D5C5-D125-4C3A-A074-8F20AD0A9899}.Debug|Any CPU.Deploy.0 = Debug|Any CPU
		{4177D5C5-D125-4C3A-A074-8F20AD0A9899}.Release|Any CPU.ActiveCfg = Release|Any CPU
		{4177D5C5-D125-4C3A-A074-8F20AD0A9899}.Release|Any CPU.Build.0 = Release|Any CPU
		{4177D5C5-D125-4C3A-A074-8F20AD0A9899}.Release|Any CPU.Deploy.0 = Release|Any CPU
		{D4C19382-DC75-4C77-9F7B-1D3A63926E6A}.Debug|Any CPU.ActiveCfg = Debug|Any CPU
		{D4C19382-DC75-4C77-9F7B-1D3A63926E6A}.Debug|Any CPU.Build.0 = Debug|Any CPU
		{D4C19382-DC75-4C77-9F7B-1D3A63926E6A}.Debug|Any CPU.Deploy.0 = Debug|Any CPU
		{D4C19382-DC75-4C77-9F7B-1D3A63926E6A}.Release|Any CPU.ActiveCfg = Release|Any CPU
		{D4C19382-DC75-4C77-9F7B-1D3A63926E6A}.Release|Any CPU.Build.0 = Release|Any CPU
		{D4C19382-DC75-4C77-9F7B-1D3A63926E6A}.Release|Any CPU.Deploy.0 = Release|Any CPU
	EndGlobalSection
	GlobalSection(SolutionProperties) = preSolution
		HideSolutionNode = FALSE
	EndGlobalSection
	GlobalSection(ExtensibilityGlobals) = postSolution
		SolutionGuid = {B04781C2-5603-4081-8B4D-8A8C38D09357}
	EndGlobalSection
EndGlobal
